// !$*UTF8*$!
{
	archiveVersion = 1;
	classes = {
	};
	objectVersion = 48;
	objects = {

/* Begin PBXBuildFile section */
		0A0AC1F81F3F77EB008DEC70 /* window_shopperTests.swift in Sources */ = {isa = PBXBuildFile; fileRef = 0A0AC1F71F3F77EB008DEC70 /* window_shopperTests.swift */; };
		0A0AC2011F3F780F008DEC70 /* Wage.swift in Sources */ = {isa = PBXBuildFile; fileRef = 0A0AC2001F3F780F008DEC70 /* Wage.swift */; };
		0A0AC2021F3F794A008DEC70 /* Wage.swift in Sources */ = {isa = PBXBuildFile; fileRef = 0A0AC2001F3F780F008DEC70 /* Wage.swift */; };
		0AD1C2E11F3F2AE40054CFAB /* AppDelegate.swift in Sources */ = {isa = PBXBuildFile; fileRef = 0AD1C2E01F3F2AE40054CFAB /* AppDelegate.swift */; };
		0AD1C2E31F3F2AE40054CFAB /* MainVC.swift in Sources */ = {isa = PBXBuildFile; fileRef = 0AD1C2E21F3F2AE40054CFAB /* MainVC.swift */; };
		0AD1C2E61F3F2AE40054CFAB /* Main.storyboard in Resources */ = {isa = PBXBuildFile; fileRef = 0AD1C2E41F3F2AE40054CFAB /* Main.storyboard */; };
		0AD1C2E81F3F2AE40054CFAB /* Assets.xcassets in Resources */ = {isa = PBXBuildFile; fileRef = 0AD1C2E71F3F2AE40054CFAB /* Assets.xcassets */; };
		0AD1C2EB1F3F2AE40054CFAB /* LaunchScreen.storyboard in Resources */ = {isa = PBXBuildFile; fileRef = 0AD1C2E91F3F2AE40054CFAB /* LaunchScreen.storyboard */; };
		0AD1C2F51F3F6EAD0054CFAB /* CurrencyTxtField.swift in Sources */ = {isa = PBXBuildFile; fileRef = 0AD1C2F41F3F6EAD0054CFAB /* CurrencyTxtField.swift */; };
/* End PBXBuildFile section */

/* Begin PBXContainerItemProxy section */
		0A0AC1FA1F3F77EB008DEC70 /* PBXContainerItemProxy */ = {
			isa = PBXContainerItemProxy;
			containerPortal = 0AD1C2D51F3F2AE40054CFAB /* Project object */;
			proxyType = 1;
			remoteGlobalIDString = 0AD1C2DC1F3F2AE40054CFAB;
			remoteInfo = "window-shopper";
		};
/* End PBXContainerItemProxy section */

/* Begin PBXFileReference section */
		0A0AC1F51F3F77EB008DEC70 /* window-shopperTests.xctest */ = {isa = PBXFileReference; explicitFileType = wrapper.cfbundle; includeInIndex = 0; path = "window-shopperTests.xctest"; sourceTree = BUILT_PRODUCTS_DIR; };
		0A0AC1F71F3F77EB008DEC70 /* window_shopperTests.swift */ = {isa = PBXFileReference; lastKnownFileType = sourcecode.swift; path = window_shopperTests.swift; sourceTree = "<group>"; };
		0A0AC1F91F3F77EB008DEC70 /* Info.plist */ = {isa = PBXFileReference; lastKnownFileType = text.plist.xml; path = Info.plist; sourceTree = "<group>"; };
		0A0AC2001F3F780F008DEC70 /* Wage.swift */ = {isa = PBXFileReference; lastKnownFileType = sourcecode.swift; path = Wage.swift; sourceTree = "<group>"; };
		0AD1C2DD1F3F2AE40054CFAB /* window-shopper.app */ = {isa = PBXFileReference; explicitFileType = wrapper.application; includeInIndex = 0; path = "window-shopper.app"; sourceTree = BUILT_PRODUCTS_DIR; };
		0AD1C2E01F3F2AE40054CFAB /* AppDelegate.swift */ = {isa = PBXFileReference; lastKnownFileType = sourcecode.swift; path = AppDelegate.swift; sourceTree = "<group>"; };
		0AD1C2E21F3F2AE40054CFAB /* MainVC.swift */ = {isa = PBXFileReference; lastKnownFileType = sourcecode.swift; path = MainVC.swift; sourceTree = "<group>"; };
		0AD1C2E51F3F2AE40054CFAB /* Base */ = {isa = PBXFileReference; lastKnownFileType = file.storyboard; name = Base; path = Base.lproj/Main.storyboard; sourceTree = "<group>"; };
		0AD1C2E71F3F2AE40054CFAB /* Assets.xcassets */ = {isa = PBXFileReference; lastKnownFileType = folder.assetcatalog; path = Assets.xcassets; sourceTree = "<group>"; };
		0AD1C2EA1F3F2AE40054CFAB /* Base */ = {isa = PBXFileReference; lastKnownFileType = file.storyboard; name = Base; path = Base.lproj/LaunchScreen.storyboard; sourceTree = "<group>"; };
		0AD1C2EC1F3F2AE40054CFAB /* Info.plist */ = {isa = PBXFileReference; lastKnownFileType = text.plist.xml; path = Info.plist; sourceTree = "<group>"; };
		0AD1C2F41F3F6EAD0054CFAB /* CurrencyTxtField.swift */ = {isa = PBXFileReference; lastKnownFileType = sourcecode.swift; path = CurrencyTxtField.swift; sourceTree = "<group>"; };
/* End PBXFileReference section */

/* Begin PBXFrameworksBuildPhase section */
		0A0AC1F21F3F77EB008DEC70 /* Frameworks */ = {
			isa = PBXFrameworksBuildPhase;
			buildActionMask = 2147483647;
			files = (
			);
			runOnlyForDeploymentPostprocessing = 0;
		};
		0AD1C2DA1F3F2AE40054CFAB /* Frameworks */ = {
			isa = PBXFrameworksBuildPhase;
			buildActionMask = 2147483647;
			files = (
			);
			runOnlyForDeploymentPostprocessing = 0;
		};
/* End PBXFrameworksBuildPhase section */

/* Begin PBXGroup section */
		0A0AC1F61F3F77EB008DEC70 /* window-shopperTests */ = {
			isa = PBXGroup;
			children = (
				0A0AC1F71F3F77EB008DEC70 /* window_shopperTests.swift */,
				0A0AC1F91F3F77EB008DEC70 /* Info.plist */,
			);
			path = "window-shopperTests";
			sourceTree = "<group>";
		};
		0A0AC1FF1F3F77FC008DEC70 /* Model */ = {
			isa = PBXGroup;
			children = (
				0A0AC2001F3F780F008DEC70 /* Wage.swift */,
			);
			path = Model;
			sourceTree = "<group>";
		};
		0AD1C2D41F3F2AE40054CFAB = {
			isa = PBXGroup;
			children = (
				0AD1C2DF1F3F2AE40054CFAB /* window-shopper */,
				0A0AC1F61F3F77EB008DEC70 /* window-shopperTests */,
				0AD1C2DE1F3F2AE40054CFAB /* Products */,
			);
			sourceTree = "<group>";
		};
		0AD1C2DE1F3F2AE40054CFAB /* Products */ = {
			isa = PBXGroup;
			children = (
				0AD1C2DD1F3F2AE40054CFAB /* window-shopper.app */,
				0A0AC1F51F3F77EB008DEC70 /* window-shopperTests.xctest */,
			);
			name = Products;
			sourceTree = "<group>";
		};
		0AD1C2DF1F3F2AE40054CFAB /* window-shopper */ = {
			isa = PBXGroup;
			children = (
				0AD1C2E01F3F2AE40054CFAB /* AppDelegate.swift */,
				0AD1C2F21F3F6D900054CFAB /* Controllers */,
				0A0AC1FF1F3F77FC008DEC70 /* Model */,
				0AD1C2F31F3F6E810054CFAB /* Views */,
				0AD1C2E41F3F2AE40054CFAB /* Main.storyboard */,
				0AD1C2E71F3F2AE40054CFAB /* Assets.xcassets */,
				0AD1C2E91F3F2AE40054CFAB /* LaunchScreen.storyboard */,
				0AD1C2EC1F3F2AE40054CFAB /* Info.plist */,
			);
			path = "window-shopper";
			sourceTree = "<group>";
		};
		0AD1C2F21F3F6D900054CFAB /* Controllers */ = {
			isa = PBXGroup;
			children = (
				0AD1C2E21F3F2AE40054CFAB /* MainVC.swift */,
			);
			path = Controllers;
			sourceTree = "<group>";
		};
		0AD1C2F31F3F6E810054CFAB /* Views */ = {
			isa = PBXGroup;
			children = (
				0AD1C2F41F3F6EAD0054CFAB /* CurrencyTxtField.swift */,
			);
			path = Views;
			sourceTree = "<group>";
		};
/* End PBXGroup section */

/* Begin PBXNativeTarget section */
		0A0AC1F41F3F77EB008DEC70 /* window-shopperTests */ = {
			isa = PBXNativeTarget;
			buildConfigurationList = 0A0AC1FE1F3F77EB008DEC70 /* Build configuration list for PBXNativeTarget "window-shopperTests" */;
			buildPhases = (
				0A0AC1F11F3F77EB008DEC70 /* Sources */,
				0A0AC1F21F3F77EB008DEC70 /* Frameworks */,
				0A0AC1F31F3F77EB008DEC70 /* Resources */,
			);
			buildRules = (
			);
			dependencies = (
				0A0AC1FB1F3F77EB008DEC70 /* PBXTargetDependency */,
			);
			name = "window-shopperTests";
			productName = "window-shopperTests";
			productReference = 0A0AC1F51F3F77EB008DEC70 /* window-shopperTests.xctest */;
			productType = "com.apple.product-type.bundle.unit-test";
		};
		0AD1C2DC1F3F2AE40054CFAB /* window-shopper */ = {
			isa = PBXNativeTarget;
			buildConfigurationList = 0AD1C2EF1F3F2AE40054CFAB /* Build configuration list for PBXNativeTarget "window-shopper" */;
			buildPhases = (
				0AD1C2D91F3F2AE40054CFAB /* Sources */,
				0AD1C2DA1F3F2AE40054CFAB /* Frameworks */,
				0AD1C2DB1F3F2AE40054CFAB /* Resources */,
			);
			buildRules = (
			);
			dependencies = (
			);
			name = "window-shopper";
			productName = "window-shopper";
			productReference = 0AD1C2DD1F3F2AE40054CFAB /* window-shopper.app */;
			productType = "com.apple.product-type.application";
		};
/* End PBXNativeTarget section */

/* Begin PBXProject section */
		0AD1C2D51F3F2AE40054CFAB /* Project object */ = {
			isa = PBXProject;
			attributes = {
				LastSwiftUpdateCheck = 0900;
				LastUpgradeCheck = 0900;
				ORGANIZATIONNAME = "Mischa Rouleaux";
				TargetAttributes = {
					0A0AC1F41F3F77EB008DEC70 = {
						CreatedOnToolsVersion = 9.0;
						TestTargetID = 0AD1C2DC1F3F2AE40054CFAB;
					};
					0AD1C2DC1F3F2AE40054CFAB = {
						CreatedOnToolsVersion = 9.0;
					};
				};
			};
			buildConfigurationList = 0AD1C2D81F3F2AE40054CFAB /* Build configuration list for PBXProject "window-shopper" */;
			compatibilityVersion = "Xcode 8.0";
			developmentRegion = en;
			hasScannedForEncodings = 0;
			knownRegions = (
				en,
				Base,
			);
			mainGroup = 0AD1C2D41F3F2AE40054CFAB;
			productRefGroup = 0AD1C2DE1F3F2AE40054CFAB /* Products */;
			projectDirPath = "";
			projectRoot = "";
			targets = (
				0AD1C2DC1F3F2AE40054CFAB /* window-shopper */,
				0A0AC1F41F3F77EB008DEC70 /* window-shopperTests */,
			);
		};
/* End PBXProject section */

/* Begin PBXResourcesBuildPhase section */
		0A0AC1F31F3F77EB008DEC70 /* Resources */ = {
			isa = PBXResourcesBuildPhase;
			buildActionMask = 2147483647;
			files = (
			);
			runOnlyForDeploymentPostprocessing = 0;
		};
		0AD1C2DB1F3F2AE40054CFAB /* Resources */ = {
			isa = PBXResourcesBuildPhase;
			buildActionMask = 2147483647;
			files = (
				0AD1C2EB1F3F2AE40054CFAB /* LaunchScreen.storyboard in Resources */,
				0AD1C2E81F3F2AE40054CFAB /* Assets.xcassets in Resources */,
				0AD1C2E61F3F2AE40054CFAB /* Main.storyboard in Resources */,
			);
			runOnlyForDeploymentPostprocessing = 0;
		};
/* End PBXResourcesBuildPhase section */

/* Begin PBXSourcesBuildPhase section */
		0A0AC1F11F3F77EB008DEC70 /* Sources */ = {
			isa = PBXSourcesBuildPhase;
			buildActionMask = 2147483647;
			files = (
				0A0AC1F81F3F77EB008DEC70 /* window_shopperTests.swift in Sources */,
				0A0AC2021F3F794A008DEC70 /* Wage.swift in Sources */,
			);
			runOnlyForDeploymentPostprocessing = 0;
		};
		0AD1C2D91F3F2AE40054CFAB /* Sources */ = {
			isa = PBXSourcesBuildPhase;
			buildActionMask = 2147483647;
			files = (
				0AD1C2F51F3F6EAD0054CFAB /* CurrencyTxtField.swift in Sources */,
				0A0AC2011F3F780F008DEC70 /* Wage.swift in Sources */,
				0AD1C2E31F3F2AE40054CFAB /* MainVC.swift in Sources */,
				0AD1C2E11F3F2AE40054CFAB /* AppDelegate.swift in Sources */,
			);
			runOnlyForDeploymentPostprocessing = 0;
		};
/* End PBXSourcesBuildPhase section */

/* Begin PBXTargetDependency section */
		0A0AC1FB1F3F77EB008DEC70 /* PBXTargetDependency */ = {
			isa = PBXTargetDependency;
			target = 0AD1C2DC1F3F2AE40054CFAB /* window-shopper */;
			targetProxy = 0A0AC1FA1F3F77EB008DEC70 /* PBXContainerItemProxy */;
		};
/* End PBXTargetDependency section */

/* Begin PBXVariantGroup section */
		0AD1C2E41F3F2AE40054CFAB /* Main.storyboard */ = {
			isa = PBXVariantGroup;
			children = (
				0AD1C2E51F3F2AE40054CFAB /* Base */,
			);
			name = Main.storyboard;
			sourceTree = "<group>";
		};
		0AD1C2E91F3F2AE40054CFAB /* LaunchScreen.storyboard */ = {
			isa = PBXVariantGroup;
			children = (
				0AD1C2EA1F3F2AE40054CFAB /* Base */,
			);
			name = LaunchScreen.storyboard;
			sourceTree = "<group>";
		};
/* End PBXVariantGroup section */

/* Begin XCBuildConfiguration section */
		0A0AC1FC1F3F77EB008DEC70 /* Debug */ = {
			isa = XCBuildConfiguration;
			buildSettings = {
				BUNDLE_LOADER = "$(TEST_HOST)";
				INFOPLIST_FILE = "window-shopperTests/Info.plist";
				LD_RUNPATH_SEARCH_PATHS = "$(inherited) @executable_path/Frameworks @loader_path/Frameworks";
				PRODUCT_BUNDLE_IDENTIFIER = "com.mischarouleaux.window-shopperTests";
				PRODUCT_NAME = "$(TARGET_NAME)";
				SWIFT_VERSION = 4.0;
				TARGETED_DEVICE_FAMILY = "1,2";
				TEST_HOST = "$(BUILT_PRODUCTS_DIR)/window-shopper.app/window-shopper";
			};
			name = Debug;
		};
		0A0AC1FD1F3F77EB008DEC70 /* Release */ = {
			isa = XCBuildConfiguration;
			buildSettings = {
				BUNDLE_LOADER = "$(TEST_HOST)";
				INFOPLIST_FILE = "window-shopperTests/Info.plist";
				LD_RUNPATH_SEARCH_PATHS = "$(inherited) @executable_path/Frameworks @loader_path/Frameworks";
				PRODUCT_BUNDLE_IDENTIFIER = "com.mischarouleaux.window-shopperTests";
				PRODUCT_NAME = "$(TARGET_NAME)";
				SWIFT_VERSION = 4.0;
				TARGETED_DEVICE_FAMILY = "1,2";
				TEST_HOST = "$(BUILT_PRODUCTS_DIR)/window-shopper.app/window-shopper";
			};
			name = Release;
		};
		0AD1C2ED1F3F2AE40054CFAB /* Debug */ = {
			isa = XCBuildConfiguration;
			buildSettings = {
				ALWAYS_SEARCH_USER_PATHS = NO;
				CLANG_ANALYZER_NONNULL = YES;
				CLANG_ANALYZER_NUMBER_OBJECT_CONVERSION = YES_AGGRESSIVE;
				CLANG_CXX_LANGUAGE_STANDARD = "gnu++14";
				CLANG_CXX_LIBRARY = "libc++";
				CLANG_ENABLE_MODULES = YES;
				CLANG_ENABLE_OBJC_ARC = YES;
				CLANG_WARN_BLOCK_CAPTURE_AUTORELEASING = YES;
				CLANG_WARN_BOOL_CONVERSION = YES;
				CLANG_WARN_COMMA = YES;
				CLANG_WARN_CONSTANT_CONVERSION = YES;
				CLANG_WARN_DIRECT_OBJC_ISA_USAGE = YES_ERROR;
				CLANG_WARN_DOCUMENTATION_COMMENTS = YES;
				CLANG_WARN_EMPTY_BODY = YES;
				CLANG_WARN_ENUM_CONVERSION = YES;
				CLANG_WARN_INFINITE_RECURSION = YES;
				CLANG_WARN_INT_CONVERSION = YES;
				CLANG_WARN_NON_LITERAL_NULL_CONVERSION = YES;
				CLANG_WARN_OBJC_LITERAL_CONVERSION = YES;
				CLANG_WARN_OBJC_ROOT_CLASS = YES_ERROR;
				CLANG_WARN_RANGE_LOOP_ANALYSIS = YES;
				CLANG_WARN_STRICT_PROTOTYPES = YES;
				CLANG_WARN_SUSPICIOUS_MOVE = YES;
				CLANG_WARN_UNGUARDED_AVAILABILITY = YES_AGGRESSIVE;
				CLANG_WARN_UNREACHABLE_CODE = YES;
				CLANG_WARN__DUPLICATE_METHOD_MATCH = YES;
				CODE_SIGN_IDENTITY = "iPhone Developer";
				COPY_PHASE_STRIP = NO;
				DEBUG_INFORMATION_FORMAT = dwarf;
				ENABLE_STRICT_OBJC_MSGSEND = YES;
				ENABLE_TESTABILITY = YES;
				GCC_C_LANGUAGE_STANDARD = gnu11;
				GCC_DYNAMIC_NO_PIC = NO;
				GCC_NO_COMMON_BLOCKS = YES;
				GCC_OPTIMIZATION_LEVEL = 0;
				GCC_PREPROCESSOR_DEFINITIONS = (
					"DEBUG=1",
					"$(inherited)",
				);
				GCC_WARN_64_TO_32_BIT_CONVERSION = YES;
				GCC_WARN_ABOUT_RETURN_TYPE = YES_ERROR;
				GCC_WARN_UNDECLARED_SELECTOR = YES;
				GCC_WARN_UNINITIALIZED_AUTOS = YES_AGGRESSIVE;
				GCC_WARN_UNUSED_FUNCTION = YES;
				GCC_WARN_UNUSED_VARIABLE = YES;
				IPHONEOS_DEPLOYMENT_TARGET = 11.0;
				MTL_ENABLE_DEBUG_INFO = YES;
				ONLY_ACTIVE_ARCH = YES;
				SDKROOT = iphoneos;
				SWIFT_ACTIVE_COMPILATION_CONDITIONS = DEBUG;
				SWIFT_OPTIMIZATION_LEVEL = "-Onone";
			};
			name = Debug;
		};
		0AD1C2EE1F3F2AE40054CFAB /* Release */ = {
			isa = XCBuildConfiguration;
			buildSettings = {
				ALWAYS_SEARCH_USER_PATHS = NO;
				CLANG_ANALYZER_NONNULL = YES;
				CLANG_ANALYZER_NUMBER_OBJECT_CONVERSION = YES_AGGRESSIVE;
				CLANG_CXX_LANGUAGE_STANDARD = "gnu++14";
				CLANG_CXX_LIBRARY = "libc++";
				CLANG_ENABLE_MODULES = YES;
				CLANG_ENABLE_OBJC_ARC = YES;
				CLANG_WARN_BLOCK_CAPTURE_AUTORELEASING = YES;
				CLANG_WARN_BOOL_CONVERSION = YES;
				CLANG_WARN_COMMA = YES;
				CLANG_WARN_CONSTANT_CONVERSION = YES;
				CLANG_WARN_DIRECT_OBJC_ISA_USAGE = YES_ERROR;
				CLANG_WARN_DOCUMENTATION_COMMENTS = YES;
				CLANG_WARN_EMPTY_BODY = YES;
				CLANG_WARN_ENUM_CONVERSION = YES;
				CLANG_WARN_INFINITE_RECURSION = YES;
				CLANG_WARN_INT_CONVERSION = YES;
				CLANG_WARN_NON_LITERAL_NULL_CONVERSION = YES;
				CLANG_WARN_OBJC_LITERAL_CONVERSION = YES;
				CLANG_WARN_OBJC_ROOT_CLASS = YES_ERROR;
				CLANG_WARN_RANGE_LOOP_ANALYSIS = YES;
				CLANG_WARN_STRICT_PROTOTYPES = YES;
				CLANG_WARN_SUSPICIOUS_MOVE = YES;
				CLANG_WARN_UNGUARDED_AVAILABILITY = YES_AGGRESSIVE;
				CLANG_WARN_UNREACHABLE_CODE = YES;
				CLANG_WARN__DUPLICATE_METHOD_MATCH = YES;
				CODE_SIGN_IDENTITY = "iPhone Developer";
				COPY_PHASE_STRIP = NO;
				DEBUG_INFORMATION_FORMAT = "dwarf-with-dsym";
				ENABLE_NS_ASSERTIONS = NO;
				ENABLE_STRICT_OBJC_MSGSEND = YES;
				GCC_C_LANGUAGE_STANDARD = gnu11;
				GCC_NO_COMMON_BLOCKS = YES;
				GCC_WARN_64_TO_32_BIT_CONVERSION = YES;
				GCC_WARN_ABOUT_RETURN_TYPE = YES_ERROR;
				GCC_WARN_UNDECLARED_SELECTOR = YES;
				GCC_WARN_UNINITIALIZED_AUTOS = YES_AGGRESSIVE;
				GCC_WARN_UNUSED_FUNCTION = YES;
				GCC_WARN_UNUSED_VARIABLE = YES;
				IPHONEOS_DEPLOYMENT_TARGET = 11.0;
				MTL_ENABLE_DEBUG_INFO = NO;
				SDKROOT = iphoneos;
				SWIFT_OPTIMIZATION_LEVEL = "-Owholemodule";
				VALIDATE_PRODUCT = YES;
			};
			name = Release;
		};
		0AD1C2F01F3F2AE40054CFAB /* Debug */ = {
			isa = XCBuildConfiguration;
			buildSettings = {
				ASSETCATALOG_COMPILER_APPICON_NAME = AppIcon;
				INFOPLIST_FILE = "window-shopper/Info.plist";
				LD_RUNPATH_SEARCH_PATHS = "$(inherited) @executable_path/Frameworks";
				PRODUCT_BUNDLE_IDENTIFIER = "com.mischarouleaux.window-shopper";
				PRODUCT_NAME = "$(TARGET_NAME)";
				SWIFT_VERSION = 4.0;
				TARGETED_DEVICE_FAMILY = "1,2";
			};
			name = Debug;
		};
		0AD1C2F11F3F2AE40054CFAB /* Release */ = {
			isa = XCBuildConfiguration;
			buildSettings = {
				ASSETCATALOG_COMPILER_APPICON_NAME = AppIcon;
				INFOPLIST_FILE = "window-shopper/Info.plist";
				LD_RUNPATH_SEARCH_PATHS = "$(inherited) @executable_path/Frameworks";
				PRODUCT_BUNDLE_IDENTIFIER = "com.mischarouleaux.window-shopper";
				PRODUCT_NAME = "$(TARGET_NAME)";
				SWIFT_VERSION = 4.0;
				TARGETED_DEVICE_FAMILY = "1,2";
			};
			name = Release;
		};
/* End XCBuildConfiguration section */

/* Begin XCConfigurationList section */
		0A0AC1FE1F3F77EB008DEC70 /* Build configuration list for PBXNativeTarget "window-shopperTests" */ = {
			isa = XCConfigurationList;
			buildConfigurations = (
				0A0AC1FC1F3F77EB008DEC70 /* Debug */,
				0A0AC1FD1F3F77EB008DEC70 /* Release */,
			);
			defaultConfigurationIsVisible = 0;
			defaultConfigurationName = Release;
		};
		0AD1C2D81F3F2AE40054CFAB /* Build configuration list for PBXProject "window-shopper" */ = {
			isa = XCConfigurationList;
			buildConfigurations = (
				0AD1C2ED1F3F2AE40054CFAB /* Debug */,
				0AD1C2EE1F3F2AE40054CFAB /* Release */,
			);
			defaultConfigurationIsVisible = 0;
			defaultConfigurationName = Release;
		};
		0AD1C2EF1F3F2AE40054CFAB /* Build configuration list for PBXNativeTarget "window-shopper" */ = {
			isa = XCConfigurationList;
			buildConfigurations = (
				0AD1C2F01F3F2AE40054CFAB /* Debug */,
				0AD1C2F11F3F2AE40054CFAB /* Release */,
			);
			defaultConfigurationIsVisible = 0;
			defaultConfigurationName = Release;
		};
/* End XCConfigurationList section */
	};
	rootObject = 0AD1C2D51F3F2AE40054CFAB /* Project object */;
}
